// !$*UTF8*$!
{
	archiveVersion = 1;
	classes = {
	};
	objectVersion = 46;
	objects = {

/* Begin PBXBuildFile section */
		9FEA7ECA1C70D1A5002B1456 /* AppDelegate.swift in Sources */ = {isa = PBXBuildFile; fileRef = 9FEA7EC91C70D1A5002B1456 /* AppDelegate.swift */; };
		9FEA7ECC1C70D1A5002B1456 /* Assets.xcassets in Resources */ = {isa = PBXBuildFile; fileRef = 9FEA7ECB1C70D1A5002B1456 /* Assets.xcassets */; };
		9FEA7ECF1C70D1A5002B1456 /* MainMenu.xib in Resources */ = {isa = PBXBuildFile; fileRef = 9FEA7ECD1C70D1A5002B1456 /* MainMenu.xib */; };
		9FEA7EDA1C70D1A5002B1456 /* KeepItTests.swift in Sources */ = {isa = PBXBuildFile; fileRef = 9FEA7ED91C70D1A5002B1456 /* KeepItTests.swift */; };
		9FEA7EE51C70D1A5002B1456 /* KeepItUITests.swift in Sources */ = {isa = PBXBuildFile; fileRef = 9FEA7EE41C70D1A5002B1456 /* KeepItUITests.swift */; };
		9FEA7EF31C70D423002B1456 /* StatusMenuController.swift in Sources */ = {isa = PBXBuildFile; fileRef = 9FEA7EF21C70D423002B1456 /* StatusMenuController.swift */; };
		9FEA7F6B1C727852002B1456 /* StatusItemView.swift in Sources */ = {isa = PBXBuildFile; fileRef = 9FEA7F6A1C727852002B1456 /* StatusItemView.swift */; };
		9FEA7F6D1C7288C5002B1456 /* Panel.xib in Resources */ = {isa = PBXBuildFile; fileRef = 9FEA7F6C1C7288C5002B1456 /* Panel.xib */; };
		9FEA7F6F1C728942002B1456 /* PanelController.swift in Sources */ = {isa = PBXBuildFile; fileRef = 9FEA7F6E1C728942002B1456 /* PanelController.swift */; };
/* End PBXBuildFile section */

/* Begin PBXContainerItemProxy section */
		9FEA7ED61C70D1A5002B1456 /* PBXContainerItemProxy */ = {
			isa = PBXContainerItemProxy;
			containerPortal = 9FEA7EBE1C70D1A5002B1456 /* Project object */;
			proxyType = 1;
			remoteGlobalIDString = 9FEA7EC51C70D1A5002B1456;
			remoteInfo = KeepIt;
		};
		9FEA7EE11C70D1A5002B1456 /* PBXContainerItemProxy */ = {
			isa = PBXContainerItemProxy;
			containerPortal = 9FEA7EBE1C70D1A5002B1456 /* Project object */;
			proxyType = 1;
			remoteGlobalIDString = 9FEA7EC51C70D1A5002B1456;
			remoteInfo = KeepIt;
		};
/* End PBXContainerItemProxy section */

/* Begin PBXFileReference section */
		9FEA7EC61C70D1A5002B1456 /* KeepIt.app */ = {isa = PBXFileReference; explicitFileType = wrapper.application; includeInIndex = 0; path = KeepIt.app; sourceTree = BUILT_PRODUCTS_DIR; };
		9FEA7EC91C70D1A5002B1456 /* AppDelegate.swift */ = {isa = PBXFileReference; lastKnownFileType = sourcecode.swift; path = AppDelegate.swift; sourceTree = "<group>"; };
		9FEA7ECB1C70D1A5002B1456 /* Assets.xcassets */ = {isa = PBXFileReference; lastKnownFileType = folder.assetcatalog; path = Assets.xcassets; sourceTree = "<group>"; };
		9FEA7ECE1C70D1A5002B1456 /* Base */ = {isa = PBXFileReference; lastKnownFileType = file.xib; name = Base; path = Base.lproj/MainMenu.xib; sourceTree = "<group>"; };
		9FEA7ED01C70D1A5002B1456 /* Info.plist */ = {isa = PBXFileReference; lastKnownFileType = text.plist.xml; path = Info.plist; sourceTree = "<group>"; };
		9FEA7ED51C70D1A5002B1456 /* KeepItTests.xctest */ = {isa = PBXFileReference; explicitFileType = wrapper.cfbundle; includeInIndex = 0; path = KeepItTests.xctest; sourceTree = BUILT_PRODUCTS_DIR; };
		9FEA7ED91C70D1A5002B1456 /* KeepItTests.swift */ = {isa = PBXFileReference; lastKnownFileType = sourcecode.swift; path = KeepItTests.swift; sourceTree = "<group>"; };
		9FEA7EDB1C70D1A5002B1456 /* Info.plist */ = {isa = PBXFileReference; lastKnownFileType = text.plist.xml; path = Info.plist; sourceTree = "<group>"; };
		9FEA7EE01C70D1A5002B1456 /* KeepItUITests.xctest */ = {isa = PBXFileReference; explicitFileType = wrapper.cfbundle; includeInIndex = 0; path = KeepItUITests.xctest; sourceTree = BUILT_PRODUCTS_DIR; };
		9FEA7EE41C70D1A5002B1456 /* KeepItUITests.swift */ = {isa = PBXFileReference; lastKnownFileType = sourcecode.swift; path = KeepItUITests.swift; sourceTree = "<group>"; };
		9FEA7EE61C70D1A5002B1456 /* Info.plist */ = {isa = PBXFileReference; lastKnownFileType = text.plist.xml; path = Info.plist; sourceTree = "<group>"; };
		9FEA7EF21C70D423002B1456 /* StatusMenuController.swift */ = {isa = PBXFileReference; fileEncoding = 4; lastKnownFileType = sourcecode.swift; path = StatusMenuController.swift; sourceTree = "<group>"; };
		9FEA7F6A1C727852002B1456 /* StatusItemView.swift */ = {isa = PBXFileReference; fileEncoding = 4; lastKnownFileType = sourcecode.swift; path = StatusItemView.swift; sourceTree = "<group>"; };
		9FEA7F6C1C7288C5002B1456 /* Panel.xib */ = {isa = PBXFileReference; fileEncoding = 4; lastKnownFileType = file.xib; path = Panel.xib; sourceTree = "<group>"; };
		9FEA7F6E1C728942002B1456 /* PanelController.swift */ = {isa = PBXFileReference; fileEncoding = 4; lastKnownFileType = sourcecode.swift; path = PanelController.swift; sourceTree = "<group>"; };
/* End PBXFileReference section */

/* Begin PBXFrameworksBuildPhase section */
		9FEA7EC31C70D1A5002B1456 /* Frameworks */ = {
			isa = PBXFrameworksBuildPhase;
			buildActionMask = 2147483647;
			files = (
			);
			runOnlyForDeploymentPostprocessing = 0;
		};
		9FEA7ED21C70D1A5002B1456 /* Frameworks */ = {
			isa = PBXFrameworksBuildPhase;
			buildActionMask = 2147483647;
			files = (
			);
			runOnlyForDeploymentPostprocessing = 0;
		};
		9FEA7EDD1C70D1A5002B1456 /* Frameworks */ = {
			isa = PBXFrameworksBuildPhase;
			buildActionMask = 2147483647;
			files = (
			);
			runOnlyForDeploymentPostprocessing = 0;
		};
/* End PBXFrameworksBuildPhase section */

/* Begin PBXGroup section */
		9FEA7EBD1C70D1A5002B1456 = {
			isa = PBXGroup;
			children = (
				9FEA7EC81C70D1A5002B1456 /* KeepIt */,
				9FEA7ED81C70D1A5002B1456 /* KeepItTests */,
				9FEA7EE31C70D1A5002B1456 /* KeepItUITests */,
				9FEA7EC71C70D1A5002B1456 /* Products */,
			);
			sourceTree = "<group>";
		};
		9FEA7EC71C70D1A5002B1456 /* Products */ = {
			isa = PBXGroup;
			children = (
				9FEA7EC61C70D1A5002B1456 /* KeepIt.app */,
				9FEA7ED51C70D1A5002B1456 /* KeepItTests.xctest */,
				9FEA7EE01C70D1A5002B1456 /* KeepItUITests.xctest */,
			);
			name = Products;
			sourceTree = "<group>";
		};
		9FEA7EC81C70D1A5002B1456 /* KeepIt */ = {
			isa = PBXGroup;
			children = (
				9FEA7EC91C70D1A5002B1456 /* AppDelegate.swift */,
				9FEA7EF21C70D423002B1456 /* StatusMenuController.swift */,
				9FEA7F6A1C727852002B1456 /* StatusItemView.swift */,
				9FEA7F6E1C728942002B1456 /* PanelController.swift */,
				9FEA7ECB1C70D1A5002B1456 /* Assets.xcassets */,
				9FEA7F701C741E80002B1456 /* Views */,
				9FEA7ED01C70D1A5002B1456 /* Info.plist */,
			);
			path = KeepIt;
			sourceTree = "<group>";
		};
		9FEA7ED81C70D1A5002B1456 /* KeepItTests */ = {
			isa = PBXGroup;
			children = (
				9FEA7ED91C70D1A5002B1456 /* KeepItTests.swift */,
				9FEA7EDB1C70D1A5002B1456 /* Info.plist */,
			);
			path = KeepItTests;
			sourceTree = "<group>";
		};
		9FEA7EE31C70D1A5002B1456 /* KeepItUITests */ = {
			isa = PBXGroup;
			children = (
				9FEA7EE41C70D1A5002B1456 /* KeepItUITests.swift */,
				9FEA7EE61C70D1A5002B1456 /* Info.plist */,
			);
			path = KeepItUITests;
			sourceTree = "<group>";
		};
		9FEA7F701C741E80002B1456 /* Views */ = {
			isa = PBXGroup;
			children = (
				9FEA7ECD1C70D1A5002B1456 /* MainMenu.xib */,
				9FEA7F6C1C7288C5002B1456 /* Panel.xib */,
			);
			name = Views;
			sourceTree = "<group>";
		};
/* End PBXGroup section */

/* Begin PBXNativeTarget section */
		9FEA7EC51C70D1A5002B1456 /* KeepIt */ = {
			isa = PBXNativeTarget;
			buildConfigurationList = 9FEA7EE91C70D1A5002B1456 /* Build configuration list for PBXNativeTarget "KeepIt" */;
			buildPhases = (
				9FEA7EC21C70D1A5002B1456 /* Sources */,
				9FEA7EC31C70D1A5002B1456 /* Frameworks */,
				9FEA7EC41C70D1A5002B1456 /* Resources */,
			);
			buildRules = (
			);
			dependencies = (
			);
			name = KeepIt;
			productName = KeepIt;
			productReference = 9FEA7EC61C70D1A5002B1456 /* KeepIt.app */;
			productType = "com.apple.product-type.application";
		};
		9FEA7ED41C70D1A5002B1456 /* KeepItTests */ = {
			isa = PBXNativeTarget;
			buildConfigurationList = 9FEA7EEC1C70D1A5002B1456 /* Build configuration list for PBXNativeTarget "KeepItTests" */;
			buildPhases = (
				9FEA7ED11C70D1A5002B1456 /* Sources */,
				9FEA7ED21C70D1A5002B1456 /* Frameworks */,
				9FEA7ED31C70D1A5002B1456 /* Resources */,
			);
			buildRules = (
			);
			dependencies = (
				9FEA7ED71C70D1A5002B1456 /* PBXTargetDependency */,
			);
			name = KeepItTests;
			productName = KeepItTests;
			productReference = 9FEA7ED51C70D1A5002B1456 /* KeepItTests.xctest */;
			productType = "com.apple.product-type.bundle.unit-test";
		};
		9FEA7EDF1C70D1A5002B1456 /* KeepItUITests */ = {
			isa = PBXNativeTarget;
			buildConfigurationList = 9FEA7EEF1C70D1A5002B1456 /* Build configuration list for PBXNativeTarget "KeepItUITests" */;
			buildPhases = (
				9FEA7EDC1C70D1A5002B1456 /* Sources */,
				9FEA7EDD1C70D1A5002B1456 /* Frameworks */,
				9FEA7EDE1C70D1A5002B1456 /* Resources */,
			);
			buildRules = (
			);
			dependencies = (
				9FEA7EE21C70D1A5002B1456 /* PBXTargetDependency */,
			);
			name = KeepItUITests;
			productName = KeepItUITests;
			productReference = 9FEA7EE01C70D1A5002B1456 /* KeepItUITests.xctest */;
			productType = "com.apple.product-type.bundle.ui-testing";
		};
/* End PBXNativeTarget section */

/* Begin PBXProject section */
		9FEA7EBE1C70D1A5002B1456 /* Project object */ = {
			isa = PBXProject;
			attributes = {
				LastSwiftUpdateCheck = 0720;
				LastUpgradeCheck = 0720;
				ORGANIZATIONNAME = "pbardea stdios";
				TargetAttributes = {
					9FEA7EC51C70D1A5002B1456 = {
						CreatedOnToolsVersion = 7.2.1;
					};
					9FEA7ED41C70D1A5002B1456 = {
						CreatedOnToolsVersion = 7.2.1;
						TestTargetID = 9FEA7EC51C70D1A5002B1456;
					};
					9FEA7EDF1C70D1A5002B1456 = {
						CreatedOnToolsVersion = 7.2.1;
						TestTargetID = 9FEA7EC51C70D1A5002B1456;
					};
				};
			};
			buildConfigurationList = 9FEA7EC11C70D1A5002B1456 /* Build configuration list for PBXProject "KeepIt" */;
			compatibilityVersion = "Xcode 3.2";
			developmentRegion = English;
			hasScannedForEncodings = 0;
			knownRegions = (
				en,
				Base,
			);
			mainGroup = 9FEA7EBD1C70D1A5002B1456;
			productRefGroup = 9FEA7EC71C70D1A5002B1456 /* Products */;
			projectDirPath = "";
			projectRoot = "";
			targets = (
				9FEA7EC51C70D1A5002B1456 /* KeepIt */,
				9FEA7ED41C70D1A5002B1456 /* KeepItTests */,
				9FEA7EDF1C70D1A5002B1456 /* KeepItUITests */,
			);
		};
/* End PBXProject section */

/* Begin PBXResourcesBuildPhase section */
		9FEA7EC41C70D1A5002B1456 /* Resources */ = {
			isa = PBXResourcesBuildPhase;
			buildActionMask = 2147483647;
			files = (
				9FEA7F6D1C7288C5002B1456 /* Panel.xib in Resources */,
				9FEA7ECC1C70D1A5002B1456 /* Assets.xcassets in Resources */,
				9FEA7ECF1C70D1A5002B1456 /* MainMenu.xib in Resources */,
			);
			runOnlyForDeploymentPostprocessing = 0;
		};
		9FEA7ED31C70D1A5002B1456 /* Resources */ = {
			isa = PBXResourcesBuildPhase;
			buildActionMask = 2147483647;
			files = (
			);
			runOnlyForDeploymentPostprocessing = 0;
		};
		9FEA7EDE1C70D1A5002B1456 /* Resources */ = {
			isa = PBXResourcesBuildPhase;
			buildActionMask = 2147483647;
			files = (
			);
			runOnlyForDeploymentPostprocessing = 0;
		};
/* End PBXResourcesBuildPhase section */

/* Begin PBXSourcesBuildPhase section */
		9FEA7EC21C70D1A5002B1456 /* Sources */ = {
			isa = PBXSourcesBuildPhase;
			buildActionMask = 2147483647;
			files = (
				9FEA7F6F1C728942002B1456 /* PanelController.swift in Sources */,
				9FEA7F6B1C727852002B1456 /* StatusItemView.swift in Sources */,
				9FEA7EF31C70D423002B1456 /* StatusMenuController.swift in Sources */,
				9FEA7ECA1C70D1A5002B1456 /* AppDelegate.swift in Sources */,
			);
			runOnlyForDeploymentPostprocessing = 0;
		};
		9FEA7ED11C70D1A5002B1456 /* Sources */ = {
			isa = PBXSourcesBuildPhase;
			buildActionMask = 2147483647;
			files = (
				9FEA7EDA1C70D1A5002B1456 /* KeepItTests.swift in Sources */,
			);
			runOnlyForDeploymentPostprocessing = 0;
		};
		9FEA7EDC1C70D1A5002B1456 /* Sources */ = {
			isa = PBXSourcesBuildPhase;
			buildActionMask = 2147483647;
			files = (
				9FEA7EE51C70D1A5002B1456 /* KeepItUITests.swift in Sources */,
			);
			runOnlyForDeploymentPostprocessing = 0;
		};
/* End PBXSourcesBuildPhase section */

/* Begin PBXTargetDependency section */
		9FEA7ED71C70D1A5002B1456 /* PBXTargetDependency */ = {
			isa = PBXTargetDependency;
			target = 9FEA7EC51C70D1A5002B1456 /* KeepIt */;
			targetProxy = 9FEA7ED61C70D1A5002B1456 /* PBXContainerItemProxy */;
		};
		9FEA7EE21C70D1A5002B1456 /* PBXTargetDependency */ = {
			isa = PBXTargetDependency;
			target = 9FEA7EC51C70D1A5002B1456 /* KeepIt */;
			targetProxy = 9FEA7EE11C70D1A5002B1456 /* PBXContainerItemProxy */;
		};
/* End PBXTargetDependency section */

/* Begin PBXVariantGroup section */
		9FEA7ECD1C70D1A5002B1456 /* MainMenu.xib */ = {
			isa = PBXVariantGroup;
			children = (
				9FEA7ECE1C70D1A5002B1456 /* Base */,
			);
			name = MainMenu.xib;
			sourceTree = "<group>";
		};
/* End PBXVariantGroup section */

/* Begin XCBuildConfiguration section */
		9FEA7EE71C70D1A5002B1456 /* Debug */ = {
			isa = XCBuildConfiguration;
			buildSettings = {
				ALWAYS_SEARCH_USER_PATHS = NO;
				CLANG_CXX_LANGUAGE_STANDARD = "gnu++0x";
				CLANG_CXX_LIBRARY = "libc++";
				CLANG_ENABLE_MODULES = YES;
				CLANG_ENABLE_OBJC_ARC = YES;
				CLANG_WARN_BOOL_CONVERSION = YES;
				CLANG_WARN_CONSTANT_CONVERSION = YES;
				CLANG_WARN_DIRECT_OBJC_ISA_USAGE = YES_ERROR;
				CLANG_WARN_EMPTY_BODY = YES;
				CLANG_WARN_ENUM_CONVERSION = YES;
				CLANG_WARN_INT_CONVERSION = YES;
				CLANG_WARN_OBJC_ROOT_CLASS = YES_ERROR;
				CLANG_WARN_UNREACHABLE_CODE = YES;
				CLANG_WARN__DUPLICATE_METHOD_MATCH = YES;
				CODE_SIGN_IDENTITY = "-";
				COPY_PHASE_STRIP = NO;
				DEBUG_INFORMATION_FORMAT = dwarf;
				ENABLE_STRICT_OBJC_MSGSEND = YES;
				ENABLE_TESTABILITY = YES;
				GCC_C_LANGUAGE_STANDARD = gnu99;
				GCC_DYNAMIC_NO_PIC = NO;
				GCC_NO_COMMON_BLOCKS = YES;
				GCC_OPTIMIZATION_LEVEL = 0;
				GCC_PREPROCESSOR_DEFINITIONS = (
					"DEBUG=1",
					"$(inherited)",
				);
				GCC_WARN_64_TO_32_BIT_CONVERSION = YES;
				GCC_WARN_ABOUT_RETURN_TYPE = YES_ERROR;
				GCC_WARN_UNDECLARED_SELECTOR = YES;
				GCC_WARN_UNINITIALIZED_AUTOS = YES_AGGRESSIVE;
				GCC_WARN_UNUSED_FUNCTION = YES;
				GCC_WARN_UNUSED_VARIABLE = YES;
				MACOSX_DEPLOYMENT_TARGET = 10.11;
				MTL_ENABLE_DEBUG_INFO = YES;
				ONLY_ACTIVE_ARCH = YES;
				SDKROOT = macosx;
				SWIFT_OPTIMIZATION_LEVEL = "-Onone";
			};
			name = Debug;
		};
		9FEA7EE81C70D1A5002B1456 /* Release */ = {
			isa = XCBuildConfiguration;
			buildSettings = {
				ALWAYS_SEARCH_USER_PATHS = NO;
				CLANG_CXX_LANGUAGE_STANDARD = "gnu++0x";
				CLANG_CXX_LIBRARY = "libc++";
				CLANG_ENABLE_MODULES = YES;
				CLANG_ENABLE_OBJC_ARC = YES;
				CLANG_WARN_BOOL_CONVERSION = YES;
				CLANG_WARN_CONSTANT_CONVERSION = YES;
				CLANG_WARN_DIRECT_OBJC_ISA_USAGE = YES_ERROR;
				CLANG_WARN_EMPTY_BODY = YES;
				CLANG_WARN_ENUM_CONVERSION = YES;
				CLANG_WARN_INT_CONVERSION = YES;
				CLANG_WARN_OBJC_ROOT_CLASS = YES_ERROR;
				CLANG_WARN_UNREACHABLE_CODE = YES;
				CLANG_WARN__DUPLICATE_METHOD_MATCH = YES;
				CODE_SIGN_IDENTITY = "-";
				COPY_PHASE_STRIP = NO;
				DEBUG_INFORMATION_FORMAT = "dwarf-with-dsym";
				ENABLE_NS_ASSERTIONS = NO;
				ENABLE_STRICT_OBJC_MSGSEND = YES;
				GCC_C_LANGUAGE_STANDARD = gnu99;
				GCC_NO_COMMON_BLOCKS = YES;
				GCC_WARN_64_TO_32_BIT_CONVERSION = YES;
				GCC_WARN_ABOUT_RETURN_TYPE = YES_ERROR;
				GCC_WARN_UNDECLARED_SELECTOR = YES;
				GCC_WARN_UNINITIALIZED_AUTOS = YES_AGGRESSIVE;
				GCC_WARN_UNUSED_FUNCTION = YES;
				GCC_WARN_UNUSED_VARIABLE = YES;
				MACOSX_DEPLOYMENT_TARGET = 10.11;
				MTL_ENABLE_DEBUG_INFO = NO;
				SDKROOT = macosx;
			};
			name = Release;
		};
		9FEA7EEA1C70D1A5002B1456 /* Debug */ = {
			isa = XCBuildConfiguration;
			buildSettings = {
				ASSETCATALOG_COMPILER_APPICON_NAME = AppIcon;
				COMBINE_HIDPI_IMAGES = YES;
				INFOPLIST_FILE = KeepIt/Info.plist;
				LD_RUNPATH_SEARCH_PATHS = "$(inherited) @executable_path/../Frameworks";
				PRODUCT_BUNDLE_IDENTIFIER = com.pbardea.KeepIt;
				PRODUCT_NAME = "$(TARGET_NAME)";
			};
			name = Debug;
		};
		9FEA7EEB1C70D1A5002B1456 /* Release */ = {
			isa = XCBuildConfiguration;
			buildSettings = {
				ASSETCATALOG_COMPILER_APPICON_NAME = AppIcon;
				COMBINE_HIDPI_IMAGES = YES;
				INFOPLIST_FILE = KeepIt/Info.plist;
				LD_RUNPATH_SEARCH_PATHS = "$(inherited) @executable_path/../Frameworks";
				PRODUCT_BUNDLE_IDENTIFIER = com.pbardea.KeepIt;
				PRODUCT_NAME = "$(TARGET_NAME)";
			};
			name = Release;
		};
		9FEA7EED1C70D1A5002B1456 /* Debug */ = {
			isa = XCBuildConfiguration;
			buildSettings = {
				BUNDLE_LOADER = "$(TEST_HOST)";
				COMBINE_HIDPI_IMAGES = YES;
				INFOPLIST_FILE = KeepItTests/Info.plist;
				LD_RUNPATH_SEARCH_PATHS = "$(inherited) @executable_path/../Frameworks @loader_path/../Frameworks";
				PRODUCT_BUNDLE_IDENTIFIER = com.pbardea.KeepItTests;
				PRODUCT_NAME = "$(TARGET_NAME)";
				TEST_HOST = "$(BUILT_PRODUCTS_DIR)/KeepIt.app/Contents/MacOS/KeepIt";
			};
			name = Debug;
		};
		9FEA7EEE1C70D1A5002B1456 /* Release */ = {
			isa = XCBuildConfiguration;
			buildSettings = {
				BUNDLE_LOADER = "$(TEST_HOST)";
				COMBINE_HIDPI_IMAGES = YES;
				INFOPLIST_FILE = KeepItTests/Info.plist;
				LD_RUNPATH_SEARCH_PATHS = "$(inherited) @executable_path/../Frameworks @loader_path/../Frameworks";
				PRODUCT_BUNDLE_IDENTIFIER = com.pbardea.KeepItTests;
				PRODUCT_NAME = "$(TARGET_NAME)";
				TEST_HOST = "$(BUILT_PRODUCTS_DIR)/KeepIt.app/Contents/MacOS/KeepIt";
			};
			name = Release;
		};
		9FEA7EF01C70D1A5002B1456 /* Debug */ = {
			isa = XCBuildConfiguration;
			buildSettings = {
				COMBINE_HIDPI_IMAGES = YES;
				INFOPLIST_FILE = KeepItUITests/Info.plist;
				LD_RUNPATH_SEARCH_PATHS = "$(inherited) @executable_path/../Frameworks @loader_path/../Frameworks";
				PRODUCT_BUNDLE_IDENTIFIER = com.pbardea.KeepItUITests;
				PRODUCT_NAME = "$(TARGET_NAME)";
				TEST_TARGET_NAME = KeepIt;
				USES_XCTRUNNER = YES;
			};
			name = Debug;
		};
		9FEA7EF11C70D1A5002B1456 /* Release */ = {
			isa = XCBuildConfiguration;
			buildSettings = {
				COMBINE_HIDPI_IMAGES = YES;
				INFOPLIST_FILE = KeepItUITests/Info.plist;
				LD_RUNPATH_SEARCH_PATHS = "$(inherited) @executable_path/../Frameworks @loader_path/../Frameworks";
				PRODUCT_BUNDLE_IDENTIFIER = com.pbardea.KeepItUITests;
				PRODUCT_NAME = "$(TARGET_NAME)";
				TEST_TARGET_NAME = KeepIt;
				USES_XCTRUNNER = YES;
			};
			name = Release;
		};
/* End XCBuildConfiguration section */

/* Begin XCConfigurationList section */
		9FEA7EC11C70D1A5002B1456 /* Build configuration list for PBXProject "KeepIt" */ = {
			isa = XCConfigurationList;
			buildConfigurations = (
				9FEA7EE71C70D1A5002B1456 /* Debug */,
				9FEA7EE81C70D1A5002B1456 /* Release */,
			);
			defaultConfigurationIsVisible = 0;
			defaultConfigurationName = Release;
		};
		9FEA7EE91C70D1A5002B1456 /* Build configuration list for PBXNativeTarget "KeepIt" */ = {
			isa = XCConfigurationList;
			buildConfigurations = (
				9FEA7EEA1C70D1A5002B1456 /* Debug */,
				9FEA7EEB1C70D1A5002B1456 /* Release */,
			);
			defaultConfigurationIsVisible = 0;
			defaultConfigurationName = Release;
		};
		9FEA7EEC1C70D1A5002B1456 /* Build configuration list for PBXNativeTarget "KeepItTests" */ = {
			isa = XCConfigurationList;
			buildConfigurations = (
				9FEA7EED1C70D1A5002B1456 /* Debug */,
				9FEA7EEE1C70D1A5002B1456 /* Release */,
			);
			defaultConfigurationIsVisible = 0;
			defaultConfigurationName = Release;
		};
		9FEA7EEF1C70D1A5002B1456 /* Build configuration list for PBXNativeTarget "KeepItUITests" */ = {
			isa = XCConfigurationList;
			buildConfigurations = (
				9FEA7EF01C70D1A5002B1456 /* Debug */,
				9FEA7EF11C70D1A5002B1456 /* Release */,
			);
			defaultConfigurationIsVisible = 0;
			defaultConfigurationName = Release;
		};
/* End XCConfigurationList section */
	};
	rootObject = 9FEA7EBE1C70D1A5002B1456 /* Project object */;
}
